// !$*UTF8*$!
{
	archiveVersion = 1;
	classes = {
	};
	objectVersion = 77;
	objects = {

/* Begin PBXContainerItemProxy section */
		90F3F8382D54E75200D2D010 /* PBXContainerItemProxy */ = {
			isa = PBXContainerItemProxy;
			containerPortal = 90F3F81E2D54E75100D2D010 /* Project object */;
			proxyType = 1;
			remoteGlobalIDString = 90F3F8252D54E75100D2D010;
			remoteInfo = LlamaFleece;
		};
		90F3F8422D54E75200D2D010 /* PBXContainerItemProxy */ = {
			isa = PBXContainerItemProxy;
			containerPortal = 90F3F81E2D54E75100D2D010 /* Project object */;
			proxyType = 1;
			remoteGlobalIDString = 90F3F8252D54E75100D2D010;
			remoteInfo = LlamaFleece;
		};
/* End PBXContainerItemProxy section */

/* Begin PBXFileReference section */
		90F3F8262D54E75100D2D010 /* LlamaFleece.app */ = {isa = PBXFileReference; explicitFileType = wrapper.application; includeInIndex = 0; path = LlamaFleece.app; sourceTree = BUILT_PRODUCTS_DIR; };
		90F3F8372D54E75200D2D010 /* LlamaFleeceTests.xctest */ = {isa = PBXFileReference; explicitFileType = wrapper.cfbundle; includeInIndex = 0; path = LlamaFleeceTests.xctest; sourceTree = BUILT_PRODUCTS_DIR; };
		90F3F8412D54E75200D2D010 /* LlamaFleeceUITests.xctest */ = {isa = PBXFileReference; explicitFileType = wrapper.cfbundle; includeInIndex = 0; path = LlamaFleeceUITests.xctest; sourceTree = BUILT_PRODUCTS_DIR; };
/* End PBXFileReference section */

/* Begin PBXFileSystemSynchronizedRootGroup section */
		90F3F8282D54E75100D2D010 /* LlamaFleece */ = {
			isa = PBXFileSystemSynchronizedRootGroup;
			path = LlamaFleece;
			sourceTree = "<group>";
		};
		90F3F83A2D54E75200D2D010 /* LlamaFleeceTests */ = {
			isa = PBXFileSystemSynchronizedRootGroup;
			path = LlamaFleeceTests;
			sourceTree = "<group>";
		};
		90F3F8442D54E75200D2D010 /* LlamaFleeceUITests */ = {
			isa = PBXFileSystemSynchronizedRootGroup;
			path = LlamaFleeceUITests;
			sourceTree = "<group>";
		};
/* End PBXFileSystemSynchronizedRootGroup section */

/* Begin PBXFrameworksBuildPhase section */
		90F3F8232D54E75100D2D010 /* Frameworks */ = {
			isa = PBXFrameworksBuildPhase;
			buildActionMask = 2147483647;
			files = (
			);
			runOnlyForDeploymentPostprocessing = 0;
		};
		90F3F8342D54E75200D2D010 /* Frameworks */ = {
			isa = PBXFrameworksBuildPhase;
			buildActionMask = 2147483647;
			files = (
			);
			runOnlyForDeploymentPostprocessing = 0;
		};
		90F3F83E2D54E75200D2D010 /* Frameworks */ = {
			isa = PBXFrameworksBuildPhase;
			buildActionMask = 2147483647;
			files = (
			);
			runOnlyForDeploymentPostprocessing = 0;
		};
/* End PBXFrameworksBuildPhase section */

/* Begin PBXGroup section */
		90F3F81D2D54E75100D2D010 = {
			isa = PBXGroup;
			children = (
				90F3F8282D54E75100D2D010 /* LlamaFleece */,
				90F3F83A2D54E75200D2D010 /* LlamaFleeceTests */,
				90F3F8442D54E75200D2D010 /* LlamaFleeceUITests */,
				90F3F8272D54E75100D2D010 /* Products */,
			);
			sourceTree = "<group>";
		};
		90F3F8272D54E75100D2D010 /* Products */ = {
			isa = PBXGroup;
			children = (
				90F3F8262D54E75100D2D010 /* LlamaFleece.app */,
				90F3F8372D54E75200D2D010 /* LlamaFleeceTests.xctest */,
				90F3F8412D54E75200D2D010 /* LlamaFleeceUITests.xctest */,
			);
			name = Products;
			sourceTree = "<group>";
		};
/* End PBXGroup section */

/* Begin PBXNativeTarget section */
		90F3F8252D54E75100D2D010 /* LlamaFleece */ = {
			isa = PBXNativeTarget;
			buildConfigurationList = 90F3F84B2D54E75200D2D010 /* Build configuration list for PBXNativeTarget "LlamaFleece" */;
			buildPhases = (
				90F3F8222D54E75100D2D010 /* Sources */,
				90F3F8232D54E75100D2D010 /* Frameworks */,
				90F3F8242D54E75100D2D010 /* Resources */,
			);
			buildRules = (
			);
			dependencies = (
			);
			fileSystemSynchronizedGroups = (
				90F3F8282D54E75100D2D010 /* LlamaFleece */,
			);
			name = LlamaFleece;
			packageProductDependencies = (
			);
			productName = LlamaFleece;
			productReference = 90F3F8262D54E75100D2D010 /* LlamaFleece.app */;
			productType = "com.apple.product-type.application";
		};
		90F3F8362D54E75200D2D010 /* LlamaFleeceTests */ = {
			isa = PBXNativeTarget;
			buildConfigurationList = 90F3F84E2D54E75200D2D010 /* Build configuration list for PBXNativeTarget "LlamaFleeceTests" */;
			buildPhases = (
				90F3F8332D54E75200D2D010 /* Sources */,
				90F3F8342D54E75200D2D010 /* Frameworks */,
				90F3F8352D54E75200D2D010 /* Resources */,
			);
			buildRules = (
			);
			dependencies = (
				90F3F8392D54E75200D2D010 /* PBXTargetDependency */,
			);
			fileSystemSynchronizedGroups = (
				90F3F83A2D54E75200D2D010 /* LlamaFleeceTests */,
			);
			name = LlamaFleeceTests;
			packageProductDependencies = (
			);
			productName = LlamaFleeceTests;
			productReference = 90F3F8372D54E75200D2D010 /* LlamaFleeceTests.xctest */;
			productType = "com.apple.product-type.bundle.unit-test";
		};
		90F3F8402D54E75200D2D010 /* LlamaFleeceUITests */ = {
			isa = PBXNativeTarget;
			buildConfigurationList = 90F3F8512D54E75200D2D010 /* Build configuration list for PBXNativeTarget "LlamaFleeceUITests" */;
			buildPhases = (
				90F3F83D2D54E75200D2D010 /* Sources */,
				90F3F83E2D54E75200D2D010 /* Frameworks */,
				90F3F83F2D54E75200D2D010 /* Resources */,
			);
			buildRules = (
			);
			dependencies = (
				90F3F8432D54E75200D2D010 /* PBXTargetDependency */,
			);
			fileSystemSynchronizedGroups = (
				90F3F8442D54E75200D2D010 /* LlamaFleeceUITests */,
			);
			name = LlamaFleeceUITests;
			packageProductDependencies = (
			);
			productName = LlamaFleeceUITests;
			productReference = 90F3F8412D54E75200D2D010 /* LlamaFleeceUITests.xctest */;
			productType = "com.apple.product-type.bundle.ui-testing";
		};
/* End PBXNativeTarget section */

/* Begin PBXProject section */
		90F3F81E2D54E75100D2D010 /* Project object */ = {
			isa = PBXProject;
			attributes = {
				BuildIndependentTargetsInParallel = 1;
				LastSwiftUpdateCheck = 1620;
				LastUpgradeCheck = 1620;
				TargetAttributes = {
					90F3F8252D54E75100D2D010 = {
						CreatedOnToolsVersion = 16.2;
					};
					90F3F8362D54E75200D2D010 = {
						CreatedOnToolsVersion = 16.2;
						TestTargetID = 90F3F8252D54E75100D2D010;
					};
					90F3F8402D54E75200D2D010 = {
						CreatedOnToolsVersion = 16.2;
						TestTargetID = 90F3F8252D54E75100D2D010;
					};
				};
			};
			buildConfigurationList = 90F3F8212D54E75100D2D010 /* Build configuration list for PBXProject "LlamaFleece" */;
			developmentRegion = en;
			hasScannedForEncodings = 0;
			knownRegions = (
				en,
				Base,
			);
			mainGroup = 90F3F81D2D54E75100D2D010;
			minimizedProjectReferenceProxies = 1;
			preferredProjectObjectVersion = 77;
			productRefGroup = 90F3F8272D54E75100D2D010 /* Products */;
			projectDirPath = "";
			projectRoot = "";
			targets = (
				90F3F8252D54E75100D2D010 /* LlamaFleece */,
				90F3F8362D54E75200D2D010 /* LlamaFleeceTests */,
				90F3F8402D54E75200D2D010 /* LlamaFleeceUITests */,
			);
		};
/* End PBXProject section */

/* Begin PBXResourcesBuildPhase section */
		90F3F8242D54E75100D2D010 /* Resources */ = {
			isa = PBXResourcesBuildPhase;
			buildActionMask = 2147483647;
			files = (
			);
			runOnlyForDeploymentPostprocessing = 0;
		};
		90F3F8352D54E75200D2D010 /* Resources */ = {
			isa = PBXResourcesBuildPhase;
			buildActionMask = 2147483647;
			files = (
			);
			runOnlyForDeploymentPostprocessing = 0;
		};
		90F3F83F2D54E75200D2D010 /* Resources */ = {
			isa = PBXResourcesBuildPhase;
			buildActionMask = 2147483647;
			files = (
			);
			runOnlyForDeploymentPostprocessing = 0;
		};
/* End PBXResourcesBuildPhase section */

/* Begin PBXSourcesBuildPhase section */
		90F3F8222D54E75100D2D010 /* Sources */ = {
			isa = PBXSourcesBuildPhase;
			buildActionMask = 2147483647;
			files = (
			);
			runOnlyForDeploymentPostprocessing = 0;
		};
		90F3F8332D54E75200D2D010 /* Sources */ = {
			isa = PBXSourcesBuildPhase;
			buildActionMask = 2147483647;
			files = (
			);
			runOnlyForDeploymentPostprocessing = 0;
		};
		90F3F83D2D54E75200D2D010 /* Sources */ = {
			isa = PBXSourcesBuildPhase;
			buildActionMask = 2147483647;
			files = (
			);
			runOnlyForDeploymentPostprocessing = 0;
		};
/* End PBXSourcesBuildPhase section */

/* Begin PBXTargetDependency section */
		90F3F8392D54E75200D2D010 /* PBXTargetDependency */ = {
			isa = PBXTargetDependency;
			target = 90F3F8252D54E75100D2D010 /* LlamaFleece */;
			targetProxy = 90F3F8382D54E75200D2D010 /* PBXContainerItemProxy */;
		};
		90F3F8432D54E75200D2D010 /* PBXTargetDependency */ = {
			isa = PBXTargetDependency;
			target = 90F3F8252D54E75100D2D010 /* LlamaFleece */;
			targetProxy = 90F3F8422D54E75200D2D010 /* PBXContainerItemProxy */;
		};
/* End PBXTargetDependency section */

/* Begin XCBuildConfiguration section */
		90F3F8492D54E75200D2D010 /* Debug */ = {
			isa = XCBuildConfiguration;
			buildSettings = {
				ALWAYS_SEARCH_USER_PATHS = NO;
				ASSETCATALOG_COMPILER_GENERATE_SWIFT_ASSET_SYMBOL_EXTENSIONS = YES;
				CLANG_ANALYZER_NONNULL = YES;
				CLANG_ANALYZER_NUMBER_OBJECT_CONVERSION = YES_AGGRESSIVE;
				CLANG_CXX_LANGUAGE_STANDARD = "gnu++20";
				CLANG_ENABLE_MODULES = YES;
				CLANG_ENABLE_OBJC_ARC = YES;
				CLANG_ENABLE_OBJC_WEAK = YES;
				CLANG_WARN_BLOCK_CAPTURE_AUTORELEASING = YES;
				CLANG_WARN_BOOL_CONVERSION = YES;
				CLANG_WARN_COMMA = YES;
				CLANG_WARN_CONSTANT_CONVERSION = YES;
				CLANG_WARN_DEPRECATED_OBJC_IMPLEMENTATIONS = YES;
				CLANG_WARN_DIRECT_OBJC_ISA_USAGE = YES_ERROR;
				CLANG_WARN_DOCUMENTATION_COMMENTS = YES;
				CLANG_WARN_EMPTY_BODY = YES;
				CLANG_WARN_ENUM_CONVERSION = YES;
				CLANG_WARN_INFINITE_RECURSION = YES;
				CLANG_WARN_INT_CONVERSION = YES;
				CLANG_WARN_NON_LITERAL_NULL_CONVERSION = YES;
				CLANG_WARN_OBJC_IMPLICIT_RETAIN_SELF = YES;
				CLANG_WARN_OBJC_LITERAL_CONVERSION = YES;
				CLANG_WARN_OBJC_ROOT_CLASS = YES_ERROR;
				CLANG_WARN_QUOTED_INCLUDE_IN_FRAMEWORK_HEADER = YES;
				CLANG_WARN_RANGE_LOOP_ANALYSIS = YES;
				CLANG_WARN_STRICT_PROTOTYPES = YES;
				CLANG_WARN_SUSPICIOUS_MOVE = YES;
				CLANG_WARN_UNGUARDED_AVAILABILITY = YES_AGGRESSIVE;
				CLANG_WARN_UNREACHABLE_CODE = YES;
				CLANG_WARN__DUPLICATE_METHOD_MATCH = YES;
				COPY_PHASE_STRIP = NO;
				DEBUG_INFORMATION_FORMAT = dwarf;
				ENABLE_STRICT_OBJC_MSGSEND = YES;
				ENABLE_TESTABILITY = YES;
				ENABLE_USER_SCRIPT_SANDBOXING = YES;
				GCC_C_LANGUAGE_STANDARD = gnu17;
				GCC_DYNAMIC_NO_PIC = NO;
				GCC_NO_COMMON_BLOCKS = YES;
				GCC_OPTIMIZATION_LEVEL = 0;
				GCC_PREPROCESSOR_DEFINITIONS = (
					"DEBUG=1",
					"$(inherited)",
				);
				GCC_WARN_64_TO_32_BIT_CONVERSION = YES;
				GCC_WARN_ABOUT_RETURN_TYPE = YES_ERROR;
				GCC_WARN_UNDECLARED_SELECTOR = YES;
				GCC_WARN_UNINITIALIZED_AUTOS = YES_AGGRESSIVE;
				GCC_WARN_UNUSED_FUNCTION = YES;
				GCC_WARN_UNUSED_VARIABLE = YES;
				LOCALIZATION_PREFERS_STRING_CATALOGS = YES;
				MACOSX_DEPLOYMENT_TARGET = 15.2;
				MTL_ENABLE_DEBUG_INFO = INCLUDE_SOURCE;
				MTL_FAST_MATH = YES;
				ONLY_ACTIVE_ARCH = YES;
				SDKROOT = macosx;
				SWIFT_ACTIVE_COMPILATION_CONDITIONS = "DEBUG $(inherited)";
				SWIFT_OPTIMIZATION_LEVEL = "-Onone";
			};
			name = Debug;
		};
		90F3F84A2D54E75200D2D010 /* Release */ = {
			isa = XCBuildConfiguration;
			buildSettings = {
				ALWAYS_SEARCH_USER_PATHS = NO;
				ASSETCATALOG_COMPILER_GENERATE_SWIFT_ASSET_SYMBOL_EXTENSIONS = YES;
				CLANG_ANALYZER_NONNULL = YES;
				CLANG_ANALYZER_NUMBER_OBJECT_CONVERSION = YES_AGGRESSIVE;
				CLANG_CXX_LANGUAGE_STANDARD = "gnu++20";
				CLANG_ENABLE_MODULES = YES;
				CLANG_ENABLE_OBJC_ARC = YES;
				CLANG_ENABLE_OBJC_WEAK = YES;
				CLANG_WARN_BLOCK_CAPTURE_AUTORELEASING = YES;
				CLANG_WARN_BOOL_CONVERSION = YES;
				CLANG_WARN_COMMA = YES;
				CLANG_WARN_CONSTANT_CONVERSION = YES;
				CLANG_WARN_DEPRECATED_OBJC_IMPLEMENTATIONS = YES;
				CLANG_WARN_DIRECT_OBJC_ISA_USAGE = YES_ERROR;
				CLANG_WARN_DOCUMENTATION_COMMENTS = YES;
				CLANG_WARN_EMPTY_BODY = YES;
				CLANG_WARN_ENUM_CONVERSION = YES;
				CLANG_WARN_INFINITE_RECURSION = YES;
				CLANG_WARN_INT_CONVERSION = YES;
				CLANG_WARN_NON_LITERAL_NULL_CONVERSION = YES;
				CLANG_WARN_OBJC_IMPLICIT_RETAIN_SELF = YES;
				CLANG_WARN_OBJC_LITERAL_CONVERSION = YES;
				CLANG_WARN_OBJC_ROOT_CLASS = YES_ERROR;
				CLANG_WARN_QUOTED_INCLUDE_IN_FRAMEWORK_HEADER = YES;
				CLANG_WARN_RANGE_LOOP_ANALYSIS = YES;
				CLANG_WARN_STRICT_PROTOTYPES = YES;
				CLANG_WARN_SUSPICIOUS_MOVE = YES;
				CLANG_WARN_UNGUARDED_AVAILABILITY = YES_AGGRESSIVE;
				CLANG_WARN_UNREACHABLE_CODE = YES;
				CLANG_WARN__DUPLICATE_METHOD_MATCH = YES;
				COPY_PHASE_STRIP = NO;
				DEBUG_INFORMATION_FORMAT = "dwarf-with-dsym";
				ENABLE_NS_ASSERTIONS = NO;
				ENABLE_STRICT_OBJC_MSGSEND = YES;
				ENABLE_USER_SCRIPT_SANDBOXING = YES;
				GCC_C_LANGUAGE_STANDARD = gnu17;
				GCC_NO_COMMON_BLOCKS = YES;
				GCC_WARN_64_TO_32_BIT_CONVERSION = YES;
				GCC_WARN_ABOUT_RETURN_TYPE = YES_ERROR;
				GCC_WARN_UNDECLARED_SELECTOR = YES;
				GCC_WARN_UNINITIALIZED_AUTOS = YES_AGGRESSIVE;
				GCC_WARN_UNUSED_FUNCTION = YES;
				GCC_WARN_UNUSED_VARIABLE = YES;
				LOCALIZATION_PREFERS_STRING_CATALOGS = YES;
				MACOSX_DEPLOYMENT_TARGET = 15.2;
				MTL_ENABLE_DEBUG_INFO = NO;
				MTL_FAST_MATH = YES;
				SDKROOT = macosx;
				SWIFT_COMPILATION_MODE = wholemodule;
			};
			name = Release;
		};
		90F3F84C2D54E75200D2D010 /* Debug */ = {
			isa = XCBuildConfiguration;
			buildSettings = {
				ASSETCATALOG_COMPILER_APPICON_NAME = AppIcon;
				ASSETCATALOG_COMPILER_GLOBAL_ACCENT_COLOR_NAME = AccentColor;
				CODE_SIGN_ENTITLEMENTS = LlamaFleece/LlamaFleece.entitlements;
				CODE_SIGN_STYLE = Automatic;
				COMBINE_HIDPI_IMAGES = YES;
				CURRENT_PROJECT_VERSION = 1;
				DEVELOPMENT_ASSET_PATHS = "\"LlamaFleece/Preview Content\"";
				ENABLE_PREVIEWS = YES;
				GENERATE_INFOPLIST_FILE = YES;
				INFOPLIST_KEY_NSHumanReadableCopyright = "";
				LD_RUNPATH_SEARCH_PATHS = (
					"$(inherited)",
					"@executable_path/../Frameworks",
				);
				MARKETING_VERSION = 1.0;
				PRODUCT_BUNDLE_IDENTIFIER = llamafleece.com.LlamaFleece;
				PRODUCT_NAME = "$(TARGET_NAME)";
				SWIFT_EMIT_LOC_STRINGS = YES;
				SWIFT_VERSION = 5.0;
			};
			name = Debug;
		};
		90F3F84D2D54E75200D2D010 /* Release */ = {
			isa = XCBuildConfiguration;
			buildSettings = {
				ASSETCATALOG_COMPILER_APPICON_NAME = AppIcon;
				ASSETCATALOG_COMPILER_GLOBAL_ACCENT_COLOR_NAME = AccentColor;
				CODE_SIGN_ENTITLEMENTS = LlamaFleece/LlamaFleece.entitlements;
				CODE_SIGN_STYLE = Automatic;
				COMBINE_HIDPI_IMAGES = YES;
				CURRENT_PROJECT_VERSION = 1;
				DEVELOPMENT_ASSET_PATHS = "\"LlamaFleece/Preview Content\"";
				ENABLE_PREVIEWS = YES;
				GENERATE_INFOPLIST_FILE = YES;
				INFOPLIST_KEY_NSHumanReadableCopyright = "";
				LD_RUNPATH_SEARCH_PATHS = (
					"$(inherited)",
					"@executable_path/../Frameworks",
				);
				MARKETING_VERSION = 1.0;
				PRODUCT_BUNDLE_IDENTIFIER = llamafleece.com.LlamaFleece;
				PRODUCT_NAME = "$(TARGET_NAME)";
				SWIFT_EMIT_LOC_STRINGS = YES;
				SWIFT_VERSION = 5.0;
			};
			name = Release;
		};
		90F3F84F2D54E75200D2D010 /* Debug */ = {
			isa = XCBuildConfiguration;
			buildSettings = {
				BUNDLE_LOADER = "$(TEST_HOST)";
				CODE_SIGN_STYLE = Automatic;
				CURRENT_PROJECT_VERSION = 1;
				GENERATE_INFOPLIST_FILE = YES;
				MACOSX_DEPLOYMENT_TARGET = 15.2;
				MARKETING_VERSION = 1.0;
				PRODUCT_BUNDLE_IDENTIFIER = llamafleece.com.LlamaFleeceTests;
				PRODUCT_NAME = "$(TARGET_NAME)";
				SWIFT_EMIT_LOC_STRINGS = NO;
				SWIFT_VERSION = 5.0;
				TEST_HOST = "$(BUILT_PRODUCTS_DIR)/LlamaFleece.app/$(BUNDLE_EXECUTABLE_FOLDER_PATH)/LlamaFleece";
			};
			name = Debug;
		};
		90F3F8502D54E75200D2D010 /* Release */ = {
			isa = XCBuildConfiguration;
			buildSettings = {
				BUNDLE_LOADER = "$(TEST_HOST)";
				CODE_SIGN_STYLE = Automatic;
				CURRENT_PROJECT_VERSION = 1;
				GENERATE_INFOPLIST_FILE = YES;
				MACOSX_DEPLOYMENT_TARGET = 15.2;
				MARKETING_VERSION = 1.0;
				PRODUCT_BUNDLE_IDENTIFIER = llamafleece.com.LlamaFleeceTests;
				PRODUCT_NAME = "$(TARGET_NAME)";
				SWIFT_EMIT_LOC_STRINGS = NO;
				SWIFT_VERSION = 5.0;
				TEST_HOST = "$(BUILT_PRODUCTS_DIR)/LlamaFleece.app/$(BUNDLE_EXECUTABLE_FOLDER_PATH)/LlamaFleece";
			};
			name = Release;
		};
		90F3F8522D54E75200D2D010 /* Debug */ = {
			isa = XCBuildConfiguration;
			buildSettings = {
				CODE_SIGN_STYLE = Automatic;
				CURRENT_PROJECT_VERSION = 1;
				GENERATE_INFOPLIST_FILE = YES;
				MARKETING_VERSION = 1.0;
				PRODUCT_BUNDLE_IDENTIFIER = llamafleece.com.LlamaFleeceUITests;
				PRODUCT_NAME = "$(TARGET_NAME)";
				SWIFT_EMIT_LOC_STRINGS = NO;
				SWIFT_VERSION = 5.0;
				TEST_TARGET_NAME = LlamaFleece;
			};
			name = Debug;
		};
		90F3F8532D54E75200D2D010 /* Release */ = {
			isa = XCBuildConfiguration;
			buildSettings = {
				CODE_SIGN_STYLE = Automatic;
				CURRENT_PROJECT_VERSION = 1;
				GENERATE_INFOPLIST_FILE = YES;
				MARKETING_VERSION = 1.0;
				PRODUCT_BUNDLE_IDENTIFIER = llamafleece.com.LlamaFleeceUITests;
				PRODUCT_NAME = "$(TARGET_NAME)";
				SWIFT_EMIT_LOC_STRINGS = NO;
				SWIFT_VERSION = 5.0;
				TEST_TARGET_NAME = LlamaFleece;
			};
			name = Release;
		};
/* End XCBuildConfiguration section */

/* Begin XCConfigurationList section */
		90F3F8212D54E75100D2D010 /* Build configuration list for PBXProject "LlamaFleece" */ = {
			isa = XCConfigurationList;
			buildConfigurations = (
				90F3F8492D54E75200D2D010 /* Debug */,
				90F3F84A2D54E75200D2D010 /* Release */,
			);
			defaultConfigurationIsVisible = 0;
			defaultConfigurationName = Release;
		};
		90F3F84B2D54E75200D2D010 /* Build configuration list for PBXNativeTarget "LlamaFleece" */ = {
			isa = XCConfigurationList;
			buildConfigurations = (
				90F3F84C2D54E75200D2D010 /* Debug */,
				90F3F84D2D54E75200D2D010 /* Release */,
			);
			defaultConfigurationIsVisible = 0;
			defaultConfigurationName = Release;
		};
		90F3F84E2D54E75200D2D010 /* Build configuration list for PBXNativeTarget "LlamaFleeceTests" */ = {
			isa = XCConfigurationList;
			buildConfigurations = (
				90F3F84F2D54E75200D2D010 /* Debug */,
				90F3F8502D54E75200D2D010 /* Release */,
			);
			defaultConfigurationIsVisible = 0;
			defaultConfigurationName = Release;
		};
		90F3F8512D54E75200D2D010 /* Build configuration list for PBXNativeTarget "LlamaFleeceUITests" */ = {
			isa = XCConfigurationList;
			buildConfigurations = (
				90F3F8522D54E75200D2D010 /* Debug */,
				90F3F8532D54E75200D2D010 /* Release */,
			);
			defaultConfigurationIsVisible = 0;
			defaultConfigurationName = Release;
		};
/* End XCConfigurationList section */
	};
	rootObject = 90F3F81E2D54E75100D2D010 /* Project object */;
}
